// !$*UTF8*$!
{
	archiveVersion = 1;
	classes = {
	};
	objectVersion = 46;
	objects = {

/* Begin PBXBuildFile section */
		7435C8C31E70DDC40057C366 /* main.m in Sources */ = {isa = PBXBuildFile; fileRef = 7435C8C21E70DDC40057C366 /* main.m */; };
		7435C8C61E70DDC40057C366 /* AppDelegate.m in Sources */ = {isa = PBXBuildFile; fileRef = 7435C8C51E70DDC40057C366 /* AppDelegate.m */; };
		7435C8C91E70DDC40057C366 /* ViewController.m in Sources */ = {isa = PBXBuildFile; fileRef = 7435C8C81E70DDC40057C366 /* ViewController.m */; };
		7435C8CC1E70DDC40057C366 /* Main.storyboard in Resources */ = {isa = PBXBuildFile; fileRef = 7435C8CA1E70DDC40057C366 /* Main.storyboard */; };
		7435C8CE1E70DDC40057C366 /* Assets.xcassets in Resources */ = {isa = PBXBuildFile; fileRef = 7435C8CD1E70DDC40057C366 /* Assets.xcassets */; };
		7435C8D11E70DDC40057C366 /* LaunchScreen.storyboard in Resources */ = {isa = PBXBuildFile; fileRef = 7435C8CF1E70DDC40057C366 /* LaunchScreen.storyboard */; };
		7435C8DC1E70DDC40057C366 /* BlockDemoTests.m in Sources */ = {isa = PBXBuildFile; fileRef = 7435C8DB1E70DDC40057C366 /* BlockDemoTests.m */; };
		7435C8E71E70DDC40057C366 /* BlockDemoUITests.m in Sources */ = {isa = PBXBuildFile; fileRef = 7435C8E61E70DDC40057C366 /* BlockDemoUITests.m */; };
		7435C8F61E70DDFB0057C366 /* FirstViewController.m in Sources */ = {isa = PBXBuildFile; fileRef = 7435C8F51E70DDFB0057C366 /* FirstViewController.m */; };
/* End PBXBuildFile section */

/* Begin PBXContainerItemProxy section */
		7435C8D81E70DDC40057C366 /* PBXContainerItemProxy */ = {
			isa = PBXContainerItemProxy;
			containerPortal = 7435C8B61E70DDC40057C366 /* Project object */;
			proxyType = 1;
			remoteGlobalIDString = 7435C8BD1E70DDC40057C366;
			remoteInfo = BlockDemo;
		};
		7435C8E31E70DDC40057C366 /* PBXContainerItemProxy */ = {
			isa = PBXContainerItemProxy;
			containerPortal = 7435C8B61E70DDC40057C366 /* Project object */;
			proxyType = 1;
			remoteGlobalIDString = 7435C8BD1E70DDC40057C366;
			remoteInfo = BlockDemo;
		};
/* End PBXContainerItemProxy section */

/* Begin PBXFileReference section */
		7435C8BE1E70DDC40057C366 /* BlockDemo.app */ = {isa = PBXFileReference; explicitFileType = wrapper.application; includeInIndex = 0; path = BlockDemo.app; sourceTree = BUILT_PRODUCTS_DIR; };
		7435C8C21E70DDC40057C366 /* main.m */ = {isa = PBXFileReference; lastKnownFileType = sourcecode.c.objc; path = main.m; sourceTree = "<group>"; };
		7435C8C41E70DDC40057C366 /* AppDelegate.h */ = {isa = PBXFileReference; lastKnownFileType = sourcecode.c.h; path = AppDelegate.h; sourceTree = "<group>"; };
		7435C8C51E70DDC40057C366 /* AppDelegate.m */ = {isa = PBXFileReference; lastKnownFileType = sourcecode.c.objc; path = AppDelegate.m; sourceTree = "<group>"; };
		7435C8C71E70DDC40057C366 /* ViewController.h */ = {isa = PBXFileReference; lastKnownFileType = sourcecode.c.h; path = ViewController.h; sourceTree = "<group>"; };
		7435C8C81E70DDC40057C366 /* ViewController.m */ = {isa = PBXFileReference; lastKnownFileType = sourcecode.c.objc; path = ViewController.m; sourceTree = "<group>"; };
		7435C8CB1E70DDC40057C366 /* Base */ = {isa = PBXFileReference; lastKnownFileType = file.storyboard; name = Base; path = Base.lproj/Main.storyboard; sourceTree = "<group>"; };
		7435C8CD1E70DDC40057C366 /* Assets.xcassets */ = {isa = PBXFileReference; lastKnownFileType = folder.assetcatalog; path = Assets.xcassets; sourceTree = "<group>"; };
		7435C8D01E70DDC40057C366 /* Base */ = {isa = PBXFileReference; lastKnownFileType = file.storyboard; name = Base; path = Base.lproj/LaunchScreen.storyboard; sourceTree = "<group>"; };
		7435C8D21E70DDC40057C366 /* Info.plist */ = {isa = PBXFileReference; lastKnownFileType = text.plist.xml; path = Info.plist; sourceTree = "<group>"; };
		7435C8D71E70DDC40057C366 /* BlockDemoTests.xctest */ = {isa = PBXFileReference; explicitFileType = wrapper.cfbundle; includeInIndex = 0; path = BlockDemoTests.xctest; sourceTree = BUILT_PRODUCTS_DIR; };
		7435C8DB1E70DDC40057C366 /* BlockDemoTests.m */ = {isa = PBXFileReference; lastKnownFileType = sourcecode.c.objc; path = BlockDemoTests.m; sourceTree = "<group>"; };
		7435C8DD1E70DDC40057C366 /* Info.plist */ = {isa = PBXFileReference; lastKnownFileType = text.plist.xml; path = Info.plist; sourceTree = "<group>"; };
		7435C8E21E70DDC40057C366 /* BlockDemoUITests.xctest */ = {isa = PBXFileReference; explicitFileType = wrapper.cfbundle; includeInIndex = 0; path = BlockDemoUITests.xctest; sourceTree = BUILT_PRODUCTS_DIR; };
		7435C8E61E70DDC40057C366 /* BlockDemoUITests.m */ = {isa = PBXFileReference; lastKnownFileType = sourcecode.c.objc; path = BlockDemoUITests.m; sourceTree = "<group>"; };
		7435C8E81E70DDC40057C366 /* Info.plist */ = {isa = PBXFileReference; lastKnownFileType = text.plist.xml; path = Info.plist; sourceTree = "<group>"; };
		7435C8F41E70DDFB0057C366 /* FirstViewController.h */ = {isa = PBXFileReference; fileEncoding = 4; lastKnownFileType = sourcecode.c.h; path = FirstViewController.h; sourceTree = "<group>"; };
		7435C8F51E70DDFB0057C366 /* FirstViewController.m */ = {isa = PBXFileReference; fileEncoding = 4; lastKnownFileType = sourcecode.c.objc; path = FirstViewController.m; sourceTree = "<group>"; };
/* End PBXFileReference section */

/* Begin PBXFrameworksBuildPhase section */
		7435C8BB1E70DDC40057C366 /* Frameworks */ = {
			isa = PBXFrameworksBuildPhase;
			buildActionMask = 2147483647;
			files = (
			);
			runOnlyForDeploymentPostprocessing = 0;
		};
		7435C8D41E70DDC40057C366 /* Frameworks */ = {
			isa = PBXFrameworksBuildPhase;
			buildActionMask = 2147483647;
			files = (
			);
			runOnlyForDeploymentPostprocessing = 0;
		};
		7435C8DF1E70DDC40057C366 /* Frameworks */ = {
			isa = PBXFrameworksBuildPhase;
			buildActionMask = 2147483647;
			files = (
			);
			runOnlyForDeploymentPostprocessing = 0;
		};
/* End PBXFrameworksBuildPhase section */

/* Begin PBXGroup section */
		7435C8B51E70DDC40057C366 = {
			isa = PBXGroup;
			children = (
				7435C8C01E70DDC40057C366 /* BlockDemo */,
				7435C8DA1E70DDC40057C366 /* BlockDemoTests */,
				7435C8E51E70DDC40057C366 /* BlockDemoUITests */,
				7435C8BF1E70DDC40057C366 /* Products */,
			);
			sourceTree = "<group>";
		};
		7435C8BF1E70DDC40057C366 /* Products */ = {
			isa = PBXGroup;
			children = (
				7435C8BE1E70DDC40057C366 /* BlockDemo.app */,
				7435C8D71E70DDC40057C366 /* BlockDemoTests.xctest */,
				7435C8E21E70DDC40057C366 /* BlockDemoUITests.xctest */,
			);
			name = Products;
			sourceTree = "<group>";
		};
		7435C8C01E70DDC40057C366 /* BlockDemo */ = {
			isa = PBXGroup;
			children = (
				7435C8C41E70DDC40057C366 /* AppDelegate.h */,
				7435C8C51E70DDC40057C366 /* AppDelegate.m */,
				7435C8C71E70DDC40057C366 /* ViewController.h */,
				7435C8C81E70DDC40057C366 /* ViewController.m */,
				7435C8F41E70DDFB0057C366 /* FirstViewController.h */,
				7435C8F51E70DDFB0057C366 /* FirstViewController.m */,
				7435C8CA1E70DDC40057C366 /* Main.storyboard */,
				7435C8CD1E70DDC40057C366 /* Assets.xcassets */,
				7435C8CF1E70DDC40057C366 /* LaunchScreen.storyboard */,
				7435C8D21E70DDC40057C366 /* Info.plist */,
				7435C8C11E70DDC40057C366 /* Supporting Files */,
			);
			path = BlockDemo;
			sourceTree = "<group>";
		};
		7435C8C11E70DDC40057C366 /* Supporting Files */ = {
			isa = PBXGroup;
			children = (
				7435C8C21E70DDC40057C366 /* main.m */,
			);
			name = "Supporting Files";
			sourceTree = "<group>";
		};
		7435C8DA1E70DDC40057C366 /* BlockDemoTests */ = {
			isa = PBXGroup;
			children = (
				7435C8DB1E70DDC40057C366 /* BlockDemoTests.m */,
				7435C8DD1E70DDC40057C366 /* Info.plist */,
			);
			path = BlockDemoTests;
			sourceTree = "<group>";
		};
		7435C8E51E70DDC40057C366 /* BlockDemoUITests */ = {
			isa = PBXGroup;
			children = (
				7435C8E61E70DDC40057C366 /* BlockDemoUITests.m */,
				7435C8E81E70DDC40057C366 /* Info.plist */,
			);
			path = BlockDemoUITests;
			sourceTree = "<group>";
		};
/* End PBXGroup section */

/* Begin PBXNativeTarget section */
		7435C8BD1E70DDC40057C366 /* BlockDemo */ = {
			isa = PBXNativeTarget;
			buildConfigurationList = 7435C8EB1E70DDC40057C366 /* Build configuration list for PBXNativeTarget "BlockDemo" */;
			buildPhases = (
				7435C8BA1E70DDC40057C366 /* Sources */,
				7435C8BB1E70DDC40057C366 /* Frameworks */,
				7435C8BC1E70DDC40057C366 /* Resources */,
			);
			buildRules = (
			);
			dependencies = (
			);
			name = BlockDemo;
			productName = BlockDemo;
			productReference = 7435C8BE1E70DDC40057C366 /* BlockDemo.app */;
			productType = "com.apple.product-type.application";
		};
		7435C8D61E70DDC40057C366 /* BlockDemoTests */ = {
			isa = PBXNativeTarget;
			buildConfigurationList = 7435C8EE1E70DDC40057C366 /* Build configuration list for PBXNativeTarget "BlockDemoTests" */;
			buildPhases = (
				7435C8D31E70DDC40057C366 /* Sources */,
				7435C8D41E70DDC40057C366 /* Frameworks */,
				7435C8D51E70DDC40057C366 /* Resources */,
			);
			buildRules = (
			);
			dependencies = (
				7435C8D91E70DDC40057C366 /* PBXTargetDependency */,
			);
			name = BlockDemoTests;
			productName = BlockDemoTests;
			productReference = 7435C8D71E70DDC40057C366 /* BlockDemoTests.xctest */;
			productType = "com.apple.product-type.bundle.unit-test";
		};
		7435C8E11E70DDC40057C366 /* BlockDemoUITests */ = {
			isa = PBXNativeTarget;
			buildConfigurationList = 7435C8F11E70DDC40057C366 /* Build configuration list for PBXNativeTarget "BlockDemoUITests" */;
			buildPhases = (
				7435C8DE1E70DDC40057C366 /* Sources */,
				7435C8DF1E70DDC40057C366 /* Frameworks */,
				7435C8E01E70DDC40057C366 /* Resources */,
			);
			buildRules = (
			);
			dependencies = (
				7435C8E41E70DDC40057C366 /* PBXTargetDependency */,
			);
			name = BlockDemoUITests;
			productName = BlockDemoUITests;
			productReference = 7435C8E21E70DDC40057C366 /* BlockDemoUITests.xctest */;
			productType = "com.apple.product-type.bundle.ui-testing";
		};
/* End PBXNativeTarget section */

/* Begin PBXProject section */
		7435C8B61E70DDC40057C366 /* Project object */ = {
			isa = PBXProject;
			attributes = {
				LastUpgradeCheck = 0730;
				ORGANIZATIONNAME = "纵昂";
				TargetAttributes = {
					7435C8BD1E70DDC40057C366 = {
						CreatedOnToolsVersion = 7.3.1;
					};
					7435C8D61E70DDC40057C366 = {
						CreatedOnToolsVersion = 7.3.1;
						TestTargetID = 7435C8BD1E70DDC40057C366;
					};
					7435C8E11E70DDC40057C366 = {
						CreatedOnToolsVersion = 7.3.1;
						TestTargetID = 7435C8BD1E70DDC40057C366;
					};
				};
			};
			buildConfigurationList = 7435C8B91E70DDC40057C366 /* Build configuration list for PBXProject "BlockDemo" */;
			compatibilityVersion = "Xcode 3.2";
			developmentRegion = English;
			hasScannedForEncodings = 0;
			knownRegions = (
				en,
				Base,
			);
			mainGroup = 7435C8B51E70DDC40057C366;
			productRefGroup = 7435C8BF1E70DDC40057C366 /* Products */;
			projectDirPath = "";
			projectRoot = "";
			targets = (
				7435C8BD1E70DDC40057C366 /* BlockDemo */,
				7435C8D61E70DDC40057C366 /* BlockDemoTests */,
				7435C8E11E70DDC40057C366 /* BlockDemoUITests */,
			);
		};
/* End PBXProject section */

/* Begin PBXResourcesBuildPhase section */
		7435C8BC1E70DDC40057C366 /* Resources */ = {
			isa = PBXResourcesBuildPhase;
			buildActionMask = 2147483647;
			files = (
				7435C8D11E70DDC40057C366 /* LaunchScreen.storyboard in Resources */,
				7435C8CE1E70DDC40057C366 /* Assets.xcassets in Resources */,
				7435C8CC1E70DDC40057C366 /* Main.storyboard in Resources */,
			);
			runOnlyForDeploymentPostprocessing = 0;
		};
		7435C8D51E70DDC40057C366 /* Resources */ = {
			isa = PBXResourcesBuildPhase;
			buildActionMask = 2147483647;
			files = (
			);
			runOnlyForDeploymentPostprocessing = 0;
		};
		7435C8E01E70DDC40057C366 /* Resources */ = {
			isa = PBXResourcesBuildPhase;
			buildActionMask = 2147483647;
			files = (
			);
			runOnlyForDeploymentPostprocessing = 0;
		};
/* End PBXResourcesBuildPhase section */

/* Begin PBXSourcesBuildPhase section */
		7435C8BA1E70DDC40057C366 /* Sources */ = {
			isa = PBXSourcesBuildPhase;
			buildActionMask = 2147483647;
			files = (
				7435C8C91E70DDC40057C366 /* ViewController.m in Sources */,
				7435C8C61E70DDC40057C366 /* AppDelegate.m in Sources */,
				7435C8C31E70DDC40057C366 /* main.m in Sources */,
				7435C8F61E70DDFB0057C366 /* FirstViewController.m in Sources */,
			);
			runOnlyForDeploymentPostprocessing = 0;
		};
		7435C8D31E70DDC40057C366 /* Sources */ = {
			isa = PBXSourcesBuildPhase;
			buildActionMask = 2147483647;
			files = (
				7435C8DC1E70DDC40057C366 /* BlockDemoTests.m in Sources */,
			);
			runOnlyForDeploymentPostprocessing = 0;
		};
		7435C8DE1E70DDC40057C366 /* Sources */ = {
			isa = PBXSourcesBuildPhase;
			buildActionMask = 2147483647;
			files = (
				7435C8E71E70DDC40057C366 /* BlockDemoUITests.m in Sources */,
			);
			runOnlyForDeploymentPostprocessing = 0;
		};
/* End PBXSourcesBuildPhase section */

/* Begin PBXTargetDependency section */
		7435C8D91E70DDC40057C366 /* PBXTargetDependency */ = {
			isa = PBXTargetDependency;
			target = 7435C8BD1E70DDC40057C366 /* BlockDemo */;
			targetProxy = 7435C8D81E70DDC40057C366 /* PBXContainerItemProxy */;
		};
		7435C8E41E70DDC40057C366 /* PBXTargetDependency */ = {
			isa = PBXTargetDependency;
			target = 7435C8BD1E70DDC40057C366 /* BlockDemo */;
			targetProxy = 7435C8E31E70DDC40057C366 /* PBXContainerItemProxy */;
		};
/* End PBXTargetDependency section */

/* Begin PBXVariantGroup section */
		7435C8CA1E70DDC40057C366 /* Main.storyboard */ = {
			isa = PBXVariantGroup;
			children = (
				7435C8CB1E70DDC40057C366 /* Base */,
			);
			name = Main.storyboard;
			sourceTree = "<group>";
		};
		7435C8CF1E70DDC40057C366 /* LaunchScreen.storyboard */ = {
			isa = PBXVariantGroup;
			children = (
				7435C8D01E70DDC40057C366 /* Base */,
			);
			name = LaunchScreen.storyboard;
			sourceTree = "<group>";
		};
/* End PBXVariantGroup section */

/* Begin XCBuildConfiguration section */
		7435C8E91E70DDC40057C366 /* Debug */ = {
			isa = XCBuildConfiguration;
			buildSettings = {
				ALWAYS_SEARCH_USER_PATHS = NO;
				CLANG_ANALYZER_NONNULL = YES;
				CLANG_CXX_LANGUAGE_STANDARD = "gnu++0x";
				CLANG_CXX_LIBRARY = "libc++";
				CLANG_ENABLE_MODULES = YES;
				CLANG_ENABLE_OBJC_ARC = YES;
				CLANG_WARN_BOOL_CONVERSION = YES;
				CLANG_WARN_CONSTANT_CONVERSION = YES;
				CLANG_WARN_DIRECT_OBJC_ISA_USAGE = YES_ERROR;
				CLANG_WARN_EMPTY_BODY = YES;
				CLANG_WARN_ENUM_CONVERSION = YES;
				CLANG_WARN_INT_CONVERSION = YES;
				CLANG_WARN_OBJC_ROOT_CLASS = YES_ERROR;
				CLANG_WARN_UNREACHABLE_CODE = YES;
				CLANG_WARN__DUPLICATE_METHOD_MATCH = YES;
				"CODE_SIGN_IDENTITY[sdk=iphoneos*]" = "iPhone Developer";
				COPY_PHASE_STRIP = NO;
				DEBUG_INFORMATION_FORMAT = dwarf;
				ENABLE_STRICT_OBJC_MSGSEND = YES;
				ENABLE_TESTABILITY = YES;
				GCC_C_LANGUAGE_STANDARD = gnu99;
				GCC_DYNAMIC_NO_PIC = NO;
				GCC_NO_COMMON_BLOCKS = YES;
				GCC_OPTIMIZATION_LEVEL = 0;
				GCC_PREPROCESSOR_DEFINITIONS = (
					"DEBUG=1",
					"$(inherited)",
				);
				GCC_WARN_64_TO_32_BIT_CONVERSION = YES;
				GCC_WARN_ABOUT_RETURN_TYPE = YES_ERROR;
				GCC_WARN_UNDECLARED_SELECTOR = YES;
				GCC_WARN_UNINITIALIZED_AUTOS = YES_AGGRESSIVE;
				GCC_WARN_UNUSED_FUNCTION = YES;
				GCC_WARN_UNUSED_VARIABLE = YES;
				IPHONEOS_DEPLOYMENT_TARGET = 9.3;
				MTL_ENABLE_DEBUG_INFO = YES;
				ONLY_ACTIVE_ARCH = YES;
				SDKROOT = iphoneos;
				TARGETED_DEVICE_FAMILY = "1,2";
			};
			name = Debug;
		};
		7435C8EA1E70DDC40057C366 /* Release */ = {
			isa = XCBuildConfiguration;
			buildSettings = {
				ALWAYS_SEARCH_USER_PATHS = NO;
				CLANG_ANALYZER_NONNULL = YES;
				CLANG_CXX_LANGUAGE_STANDARD = "gnu++0x";
				CLANG_CXX_LIBRARY = "libc++";
				CLANG_ENABLE_MODULES = YES;
				CLANG_ENABLE_OBJC_ARC = YES;
				CLANG_WARN_BOOL_CONVERSION = YES;
				CLANG_WARN_CONSTANT_CONVERSION = YES;
				CLANG_WARN_DIRECT_OBJC_ISA_USAGE = YES_ERROR;
				CLANG_WARN_EMPTY_BODY = YES;
				CLANG_WARN_ENUM_CONVERSION = YES;
				CLANG_WARN_INT_CONVERSION = YES;
				CLANG_WARN_OBJC_ROOT_CLASS = YES_ERROR;
				CLANG_WARN_UNREACHABLE_CODE = YES;
				CLANG_WARN__DUPLICATE_METHOD_MATCH = YES;
				"CODE_SIGN_IDENTITY[sdk=iphoneos*]" = "iPhone Developer";
				COPY_PHASE_STRIP = NO;
				DEBUG_INFORMATION_FORMAT = "dwarf-with-dsym";
				ENABLE_NS_ASSERTIONS = NO;
				ENABLE_STRICT_OBJC_MSGSEND = YES;
				GCC_C_LANGUAGE_STANDARD = gnu99;
				GCC_NO_COMMON_BLOCKS = YES;
				GCC_WARN_64_TO_32_BIT_CONVERSION = YES;
				GCC_WARN_ABOUT_RETURN_TYPE = YES_ERROR;
				GCC_WARN_UNDECLARED_SELECTOR = YES;
				GCC_WARN_UNINITIALIZED_AUTOS = YES_AGGRESSIVE;
				GCC_WARN_UNUSED_FUNCTION = YES;
				GCC_WARN_UNUSED_VARIABLE = YES;
				IPHONEOS_DEPLOYMENT_TARGET = 9.3;
				MTL_ENABLE_DEBUG_INFO = NO;
				SDKROOT = iphoneos;
				TARGETED_DEVICE_FAMILY = "1,2";
				VALIDATE_PRODUCT = YES;
			};
			name = Release;
		};
		7435C8EC1E70DDC40057C366 /* Debug */ = {
			isa = XCBuildConfiguration;
			buildSettings = {
				ASSETCATALOG_COMPILER_APPICON_NAME = AppIcon;
				INFOPLIST_FILE = BlockDemo/Info.plist;
				LD_RUNPATH_SEARCH_PATHS = "$(inherited) @executable_path/Frameworks";
				PRODUCT_BUNDLE_IDENTIFIER = "-23.BlockDemo";
				PRODUCT_NAME = "$(TARGET_NAME)";
			};
			name = Debug;
		};
		7435C8ED1E70DDC40057C366 /* Release */ = {
			isa = XCBuildConfiguration;
			buildSettings = {
				ASSETCATALOG_COMPILER_APPICON_NAME = AppIcon;
				INFOPLIST_FILE = BlockDemo/Info.plist;
				LD_RUNPATH_SEARCH_PATHS = "$(inherited) @executable_path/Frameworks";
				PRODUCT_BUNDLE_IDENTIFIER = "-23.BlockDemo";
				PRODUCT_NAME = "$(TARGET_NAME)";
			};
			name = Release;
		};
		7435C8EF1E70DDC40057C366 /* Debug */ = {
			isa = XCBuildConfiguration;
			buildSettings = {
				BUNDLE_LOADER = "$(TEST_HOST)";
				INFOPLIST_FILE = BlockDemoTests/Info.plist;
				LD_RUNPATH_SEARCH_PATHS = "$(inherited) @executable_path/Frameworks @loader_path/Frameworks";
				PRODUCT_BUNDLE_IDENTIFIER = "-23.BlockDemoTests";
				PRODUCT_NAME = "$(TARGET_NAME)";
				TEST_HOST = "$(BUILT_PRODUCTS_DIR)/BlockDemo.app/BlockDemo";
			};
			name = Debug;
		};
		7435C8F01E70DDC40057C366 /* Release */ = {
			isa = XCBuildConfiguration;
			buildSettings = {
				BUNDLE_LOADER = "$(TEST_HOST)";
				INFOPLIST_FILE = BlockDemoTests/Info.plist;
				LD_RUNPATH_SEARCH_PATHS = "$(inherited) @executable_path/Frameworks @loader_path/Frameworks";
				PRODUCT_BUNDLE_IDENTIFIER = "-23.BlockDemoTests";
				PRODUCT_NAME = "$(TARGET_NAME)";
				TEST_HOST = "$(BUILT_PRODUCTS_DIR)/BlockDemo.app/BlockDemo";
			};
			name = Release;
		};
		7435C8F21E70DDC40057C366 /* Debug */ = {
			isa = XCBuildConfiguration;
			buildSettings = {
				INFOPLIST_FILE = BlockDemoUITests/Info.plist;
				LD_RUNPATH_SEARCH_PATHS = "$(inherited) @executable_path/Frameworks @loader_path/Frameworks";
				PRODUCT_BUNDLE_IDENTIFIER = "-23.BlockDemoUITests";
				PRODUCT_NAME = "$(TARGET_NAME)";
				TEST_TARGET_NAME = BlockDemo;
			};
			name = Debug;
		};
		7435C8F31E70DDC40057C366 /* Release */ = {
			isa = XCBuildConfiguration;
			buildSettings = {
				INFOPLIST_FILE = BlockDemoUITests/Info.plist;
				LD_RUNPATH_SEARCH_PATHS = "$(inherited) @executable_path/Frameworks @loader_path/Frameworks";
				PRODUCT_BUNDLE_IDENTIFIER = "-23.BlockDemoUITests";
				PRODUCT_NAME = "$(TARGET_NAME)";
				TEST_TARGET_NAME = BlockDemo;
			};
			name = Release;
		};
/* End XCBuildConfiguration section */

/* Begin XCConfigurationList section */
		7435C8B91E70DDC40057C366 /* Build configuration list for PBXProject "BlockDemo" */ = {
			isa = XCConfigurationList;
			buildConfigurations = (
				7435C8E91E70DDC40057C366 /* Debug */,
				7435C8EA1E70DDC40057C366 /* Release */,
			);
			defaultConfigurationIsVisible = 0;
			defaultConfigurationName = Release;
		};
		7435C8EB1E70DDC40057C366 /* Build configuration list for PBXNativeTarget "BlockDemo" */ = {
			isa = XCConfigurationList;
			buildConfigurations = (
				7435C8EC1E70DDC40057C366 /* Debug */,
				7435C8ED1E70DDC40057C366 /* Release */,
			);
			defaultConfigurationIsVisible = 0;
		};
		7435C8EE1E70DDC40057C366 /* Build configuration list for PBXNativeTarget "BlockDemoTests" */ = {
			isa = XCConfigurationList;
			buildConfigurations = (
				7435C8EF1E70DDC40057C366 /* Debug */,
				7435C8F01E70DDC40057C366 /* Release */,
			);
			defaultConfigurationIsVisible = 0;
		};
		7435C8F11E70DDC40057C366 /* Build configuration list for PBXNativeTarget "BlockDemoUITests" */ = {
			isa = XCConfigurationList;
			buildConfigurations = (
				7435C8F21E70DDC40057C366 /* Debug */,
				7435C8F31E70DDC40057C366 /* Release */,
			);
			defaultConfigurationIsVisible = 0;
		};
/* End XCConfigurationList section */
	};
	rootObject = 7435C8B61E70DDC40057C366 /* Project object */;
}
